// !$*UTF8*$!
{
	archiveVersion = 1;
	classes = {
	};
	objectVersion = 77;
	objects = {

/* Begin PBXBuildFile section */
		667EE0852DC9A63E00DD981A /* GoogleSignIn in Frameworks */ = {isa = PBXBuildFile; productRef = 667EE0842DC9A63E00DD981A /* GoogleSignIn */; };
		667EE0872DC9A63E00DD981A /* GoogleSignInSwift in Frameworks */ = {isa = PBXBuildFile; productRef = 667EE0862DC9A63E00DD981A /* GoogleSignInSwift */; };
		667EE08A2DC9A6E900DD981A /* FirebaseAuth in Frameworks */ = {isa = PBXBuildFile; productRef = 667EE0892DC9A6E900DD981A /* FirebaseAuth */; };
		667EE08E2DC9A77500DD981A /* FirebaseAnalytics in Frameworks */ = {isa = PBXBuildFile; productRef = 667EE08D2DC9A77500DD981A /* FirebaseAnalytics */; };
		667EE0962DC9FC0900DD981A /* .gitignore in Resources */ = {isa = PBXBuildFile; fileRef = 667EE0952DC9FC0400DD981A /* .gitignore */; };
/* End PBXBuildFile section */

/* Begin PBXContainerItemProxy section */
		66154ACE2DC46FA70036244C /* PBXContainerItemProxy */ = {
			isa = PBXContainerItemProxy;
			containerPortal = 66154AB52DC46FA50036244C /* Project object */;
			proxyType = 1;
			remoteGlobalIDString = 66154ABC2DC46FA50036244C;
			remoteInfo = "K-Visa";
		};
		66154AD82DC46FA70036244C /* PBXContainerItemProxy */ = {
			isa = PBXContainerItemProxy;
			containerPortal = 66154AB52DC46FA50036244C /* Project object */;
			proxyType = 1;
			remoteGlobalIDString = 66154ABC2DC46FA50036244C;
			remoteInfo = "K-Visa";
		};
/* End PBXContainerItemProxy section */

/* Begin PBXFileReference section */
		66154ABD2DC46FA50036244C /* K-Visa.app */ = {isa = PBXFileReference; explicitFileType = wrapper.application; includeInIndex = 0; path = "K-Visa.app"; sourceTree = BUILT_PRODUCTS_DIR; };
		66154ACD2DC46FA70036244C /* K-VisaTests.xctest */ = {isa = PBXFileReference; explicitFileType = wrapper.cfbundle; includeInIndex = 0; path = "K-VisaTests.xctest"; sourceTree = BUILT_PRODUCTS_DIR; };
		66154AD72DC46FA70036244C /* K-VisaUITests.xctest */ = {isa = PBXFileReference; explicitFileType = wrapper.cfbundle; includeInIndex = 0; path = "K-VisaUITests.xctest"; sourceTree = BUILT_PRODUCTS_DIR; };
		667EE0952DC9FC0400DD981A /* .gitignore */ = {isa = PBXFileReference; lastKnownFileType = text; path = .gitignore; sourceTree = "<group>"; };
/* End PBXFileReference section */

/* Begin PBXFileSystemSynchronizedBuildFileExceptionSet section */
		667EE0902DC9A85400DD981A /* Exceptions for "K-Visa" folder in "K-Visa" target */ = {
			isa = PBXFileSystemSynchronizedBuildFileExceptionSet;
			membershipExceptions = (
				Info.plist,
			);
			target = 66154ABC2DC46FA50036244C /* K-Visa */;
		};
/* End PBXFileSystemSynchronizedBuildFileExceptionSet section */

/* Begin PBXFileSystemSynchronizedRootGroup section */
		66154ABF2DC46FA50036244C /* K-Visa */ = {
			isa = PBXFileSystemSynchronizedRootGroup;
			exceptions = (
				667EE0902DC9A85400DD981A /* Exceptions for "K-Visa" folder in "K-Visa" target */,
			);
			path = "K-Visa";
			sourceTree = "<group>";
		};
		66154AD02DC46FA70036244C /* K-VisaTests */ = {
			isa = PBXFileSystemSynchronizedRootGroup;
			path = "K-VisaTests";
			sourceTree = "<group>";
		};
		66154ADA2DC46FA70036244C /* K-VisaUITests */ = {
			isa = PBXFileSystemSynchronizedRootGroup;
			path = "K-VisaUITests";
			sourceTree = "<group>";
		};
/* End PBXFileSystemSynchronizedRootGroup section */

/* Begin PBXFrameworksBuildPhase section */
		66154ABA2DC46FA50036244C /* Frameworks */ = {
			isa = PBXFrameworksBuildPhase;
			buildActionMask = 2147483647;
			files = (
				667EE0852DC9A63E00DD981A /* GoogleSignIn in Frameworks */,
				667EE08A2DC9A6E900DD981A /* FirebaseAuth in Frameworks */,
				667EE08E2DC9A77500DD981A /* FirebaseAnalytics in Frameworks */,
				667EE0872DC9A63E00DD981A /* GoogleSignInSwift in Frameworks */,
			);
			runOnlyForDeploymentPostprocessing = 0;
		};
		66154ACA2DC46FA70036244C /* Frameworks */ = {
			isa = PBXFrameworksBuildPhase;
			buildActionMask = 2147483647;
			files = (
			);
			runOnlyForDeploymentPostprocessing = 0;
		};
		66154AD42DC46FA70036244C /* Frameworks */ = {
			isa = PBXFrameworksBuildPhase;
			buildActionMask = 2147483647;
			files = (
			);
			runOnlyForDeploymentPostprocessing = 0;
		};
/* End PBXFrameworksBuildPhase section */

/* Begin PBXGroup section */
		66154AB42DC46FA50036244C = {
			isa = PBXGroup;
			children = (
				667EE0952DC9FC0400DD981A /* .gitignore */,
				66154ABF2DC46FA50036244C /* K-Visa */,
				66154AD02DC46FA70036244C /* K-VisaTests */,
				66154ADA2DC46FA70036244C /* K-VisaUITests */,
				667EE0882DC9A6E900DD981A /* Frameworks */,
				66154ABE2DC46FA50036244C /* Products */,
			);
			sourceTree = "<group>";
		};
		66154ABE2DC46FA50036244C /* Products */ = {
			isa = PBXGroup;
			children = (
				66154ABD2DC46FA50036244C /* K-Visa.app */,
				66154ACD2DC46FA70036244C /* K-VisaTests.xctest */,
				66154AD72DC46FA70036244C /* K-VisaUITests.xctest */,
			);
			name = Products;
			sourceTree = "<group>";
		};
		667EE0882DC9A6E900DD981A /* Frameworks */ = {
			isa = PBXGroup;
			children = (
			);
			name = Frameworks;
			sourceTree = "<group>";
		};
/* End PBXGroup section */

/* Begin PBXNativeTarget section */
		66154ABC2DC46FA50036244C /* K-Visa */ = {
			isa = PBXNativeTarget;
			buildConfigurationList = 66154AE12DC46FA70036244C /* Build configuration list for PBXNativeTarget "K-Visa" */;
			buildPhases = (
				66154AB92DC46FA50036244C /* Sources */,
				66154ABA2DC46FA50036244C /* Frameworks */,
				66154ABB2DC46FA50036244C /* Resources */,
			);
			buildRules = (
			);
			dependencies = (
			);
			fileSystemSynchronizedGroups = (
				66154ABF2DC46FA50036244C /* K-Visa */,
			);
			name = "K-Visa";
			packageProductDependencies = (
				667EE0842DC9A63E00DD981A /* GoogleSignIn */,
				667EE0862DC9A63E00DD981A /* GoogleSignInSwift */,
				667EE0892DC9A6E900DD981A /* FirebaseAuth */,
				667EE08D2DC9A77500DD981A /* FirebaseAnalytics */,
			);
			productName = "K-Visa";
			productReference = 66154ABD2DC46FA50036244C /* K-Visa.app */;
			productType = "com.apple.product-type.application";
		};
		66154ACC2DC46FA70036244C /* K-VisaTests */ = {
			isa = PBXNativeTarget;
			buildConfigurationList = 66154AE42DC46FA70036244C /* Build configuration list for PBXNativeTarget "K-VisaTests" */;
			buildPhases = (
				66154AC92DC46FA70036244C /* Sources */,
				66154ACA2DC46FA70036244C /* Frameworks */,
				66154ACB2DC46FA70036244C /* Resources */,
			);
			buildRules = (
			);
			dependencies = (
				66154ACF2DC46FA70036244C /* PBXTargetDependency */,
			);
			fileSystemSynchronizedGroups = (
				66154AD02DC46FA70036244C /* K-VisaTests */,
			);
			name = "K-VisaTests";
			packageProductDependencies = (
			);
			productName = "K-VisaTests";
			productReference = 66154ACD2DC46FA70036244C /* K-VisaTests.xctest */;
			productType = "com.apple.product-type.bundle.unit-test";
		};
		66154AD62DC46FA70036244C /* K-VisaUITests */ = {
			isa = PBXNativeTarget;
			buildConfigurationList = 66154AE72DC46FA70036244C /* Build configuration list for PBXNativeTarget "K-VisaUITests" */;
			buildPhases = (
				66154AD32DC46FA70036244C /* Sources */,
				66154AD42DC46FA70036244C /* Frameworks */,
				66154AD52DC46FA70036244C /* Resources */,
			);
			buildRules = (
			);
			dependencies = (
				66154AD92DC46FA70036244C /* PBXTargetDependency */,
			);
			fileSystemSynchronizedGroups = (
				66154ADA2DC46FA70036244C /* K-VisaUITests */,
			);
			name = "K-VisaUITests";
			packageProductDependencies = (
			);
			productName = "K-VisaUITests";
			productReference = 66154AD72DC46FA70036244C /* K-VisaUITests.xctest */;
			productType = "com.apple.product-type.bundle.ui-testing";
		};
/* End PBXNativeTarget section */

/* Begin PBXProject section */
		66154AB52DC46FA50036244C /* Project object */ = {
			isa = PBXProject;
			attributes = {
				BuildIndependentTargetsInParallel = 1;
				LastSwiftUpdateCheck = 1600;
				LastUpgradeCheck = 1600;
				TargetAttributes = {
					66154ABC2DC46FA50036244C = {
						CreatedOnToolsVersion = 16.0;
					};
					66154ACC2DC46FA70036244C = {
						CreatedOnToolsVersion = 16.0;
						TestTargetID = 66154ABC2DC46FA50036244C;
					};
					66154AD62DC46FA70036244C = {
						CreatedOnToolsVersion = 16.0;
						TestTargetID = 66154ABC2DC46FA50036244C;
					};
				};
			};
			buildConfigurationList = 66154AB82DC46FA50036244C /* Build configuration list for PBXProject "K-Visa" */;
			developmentRegion = en;
			hasScannedForEncodings = 0;
			knownRegions = (
				en,
				Base,
			);
			mainGroup = 66154AB42DC46FA50036244C;
			minimizedProjectReferenceProxies = 1;
			packageReferences = (
				667EE0822DC9A58500DD981A /* XCRemoteSwiftPackageReference "firebase-ios-sdk" */,
				667EE0832DC9A63E00DD981A /* XCRemoteSwiftPackageReference "GoogleSignIn-iOS" */,
			);
			preferredProjectObjectVersion = 77;
			productRefGroup = 66154ABE2DC46FA50036244C /* Products */;
			projectDirPath = "";
			projectRoot = "";
			targets = (
				66154ABC2DC46FA50036244C /* K-Visa */,
				66154ACC2DC46FA70036244C /* K-VisaTests */,
				66154AD62DC46FA70036244C /* K-VisaUITests */,
			);
		};
/* End PBXProject section */

/* Begin PBXResourcesBuildPhase section */
		66154ABB2DC46FA50036244C /* Resources */ = {
			isa = PBXResourcesBuildPhase;
			buildActionMask = 2147483647;
			files = (
				667EE0962DC9FC0900DD981A /* .gitignore in Resources */,
			);
			runOnlyForDeploymentPostprocessing = 0;
		};
		66154ACB2DC46FA70036244C /* Resources */ = {
			isa = PBXResourcesBuildPhase;
			buildActionMask = 2147483647;
			files = (
			);
			runOnlyForDeploymentPostprocessing = 0;
		};
		66154AD52DC46FA70036244C /* Resources */ = {
			isa = PBXResourcesBuildPhase;
			buildActionMask = 2147483647;
			files = (
			);
			runOnlyForDeploymentPostprocessing = 0;
		};
/* End PBXResourcesBuildPhase section */

/* Begin PBXSourcesBuildPhase section */
		66154AB92DC46FA50036244C /* Sources */ = {
			isa = PBXSourcesBuildPhase;
			buildActionMask = 2147483647;
			files = (
			);
			runOnlyForDeploymentPostprocessing = 0;
		};
		66154AC92DC46FA70036244C /* Sources */ = {
			isa = PBXSourcesBuildPhase;
			buildActionMask = 2147483647;
			files = (
			);
			runOnlyForDeploymentPostprocessing = 0;
		};
		66154AD32DC46FA70036244C /* Sources */ = {
			isa = PBXSourcesBuildPhase;
			buildActionMask = 2147483647;
			files = (
			);
			runOnlyForDeploymentPostprocessing = 0;
		};
/* End PBXSourcesBuildPhase section */

/* Begin PBXTargetDependency section */
		66154ACF2DC46FA70036244C /* PBXTargetDependency */ = {
			isa = PBXTargetDependency;
			target = 66154ABC2DC46FA50036244C /* K-Visa */;
			targetProxy = 66154ACE2DC46FA70036244C /* PBXContainerItemProxy */;
		};
		66154AD92DC46FA70036244C /* PBXTargetDependency */ = {
			isa = PBXTargetDependency;
			target = 66154ABC2DC46FA50036244C /* K-Visa */;
			targetProxy = 66154AD82DC46FA70036244C /* PBXContainerItemProxy */;
		};
/* End PBXTargetDependency section */

/* Begin XCBuildConfiguration section */
		66154ADF2DC46FA70036244C /* Debug */ = {
			isa = XCBuildConfiguration;
			buildSettings = {
				ALWAYS_SEARCH_USER_PATHS = NO;
				ASSETCATALOG_COMPILER_GENERATE_SWIFT_ASSET_SYMBOL_EXTENSIONS = YES;
				CLANG_ANALYZER_NONNULL = YES;
				CLANG_ANALYZER_NUMBER_OBJECT_CONVERSION = YES_AGGRESSIVE;
				CLANG_CXX_LANGUAGE_STANDARD = "gnu++20";
				CLANG_ENABLE_MODULES = YES;
				CLANG_ENABLE_OBJC_ARC = YES;
				CLANG_ENABLE_OBJC_WEAK = YES;
				CLANG_WARN_BLOCK_CAPTURE_AUTORELEASING = YES;
				CLANG_WARN_BOOL_CONVERSION = YES;
				CLANG_WARN_COMMA = YES;
				CLANG_WARN_CONSTANT_CONVERSION = YES;
				CLANG_WARN_DEPRECATED_OBJC_IMPLEMENTATIONS = YES;
				CLANG_WARN_DIRECT_OBJC_ISA_USAGE = YES_ERROR;
				CLANG_WARN_DOCUMENTATION_COMMENTS = YES;
				CLANG_WARN_EMPTY_BODY = YES;
				CLANG_WARN_ENUM_CONVERSION = YES;
				CLANG_WARN_INFINITE_RECURSION = YES;
				CLANG_WARN_INT_CONVERSION = YES;
				CLANG_WARN_NON_LITERAL_NULL_CONVERSION = YES;
				CLANG_WARN_OBJC_IMPLICIT_RETAIN_SELF = YES;
				CLANG_WARN_OBJC_LITERAL_CONVERSION = YES;
				CLANG_WARN_OBJC_ROOT_CLASS = YES_ERROR;
				CLANG_WARN_QUOTED_INCLUDE_IN_FRAMEWORK_HEADER = YES;
				CLANG_WARN_RANGE_LOOP_ANALYSIS = YES;
				CLANG_WARN_STRICT_PROTOTYPES = YES;
				CLANG_WARN_SUSPICIOUS_MOVE = YES;
				CLANG_WARN_UNGUARDED_AVAILABILITY = YES_AGGRESSIVE;
				CLANG_WARN_UNREACHABLE_CODE = YES;
				CLANG_WARN__DUPLICATE_METHOD_MATCH = YES;
				COPY_PHASE_STRIP = NO;
				DEBUG_INFORMATION_FORMAT = dwarf;
				ENABLE_STRICT_OBJC_MSGSEND = YES;
				ENABLE_TESTABILITY = YES;
				ENABLE_USER_SCRIPT_SANDBOXING = YES;
				GCC_C_LANGUAGE_STANDARD = gnu17;
				GCC_DYNAMIC_NO_PIC = NO;
				GCC_NO_COMMON_BLOCKS = YES;
				GCC_OPTIMIZATION_LEVEL = 0;
				GCC_PREPROCESSOR_DEFINITIONS = (
					"DEBUG=1",
					"$(inherited)",
				);
				GCC_WARN_64_TO_32_BIT_CONVERSION = YES;
				GCC_WARN_ABOUT_RETURN_TYPE = YES_ERROR;
				GCC_WARN_UNDECLARED_SELECTOR = YES;
				GCC_WARN_UNINITIALIZED_AUTOS = YES_AGGRESSIVE;
				GCC_WARN_UNUSED_FUNCTION = YES;
				GCC_WARN_UNUSED_VARIABLE = YES;
				IPHONEOS_DEPLOYMENT_TARGET = 18.0;
				LOCALIZATION_PREFERS_STRING_CATALOGS = YES;
				MTL_ENABLE_DEBUG_INFO = INCLUDE_SOURCE;
				MTL_FAST_MATH = YES;
				ONLY_ACTIVE_ARCH = YES;
				SDKROOT = iphoneos;
				SWIFT_ACTIVE_COMPILATION_CONDITIONS = "DEBUG $(inherited)";
				SWIFT_OPTIMIZATION_LEVEL = "-Onone";
			};
			name = Debug;
		};
		66154AE02DC46FA70036244C /* Release */ = {
			isa = XCBuildConfiguration;
			buildSettings = {
				ALWAYS_SEARCH_USER_PATHS = NO;
				ASSETCATALOG_COMPILER_GENERATE_SWIFT_ASSET_SYMBOL_EXTENSIONS = YES;
				CLANG_ANALYZER_NONNULL = YES;
				CLANG_ANALYZER_NUMBER_OBJECT_CONVERSION = YES_AGGRESSIVE;
				CLANG_CXX_LANGUAGE_STANDARD = "gnu++20";
				CLANG_ENABLE_MODULES = YES;
				CLANG_ENABLE_OBJC_ARC = YES;
				CLANG_ENABLE_OBJC_WEAK = YES;
				CLANG_WARN_BLOCK_CAPTURE_AUTORELEASING = YES;
				CLANG_WARN_BOOL_CONVERSION = YES;
				CLANG_WARN_COMMA = YES;
				CLANG_WARN_CONSTANT_CONVERSION = YES;
				CLANG_WARN_DEPRECATED_OBJC_IMPLEMENTATIONS = YES;
				CLANG_WARN_DIRECT_OBJC_ISA_USAGE = YES_ERROR;
				CLANG_WARN_DOCUMENTATION_COMMENTS = YES;
				CLANG_WARN_EMPTY_BODY = YES;
				CLANG_WARN_ENUM_CONVERSION = YES;
				CLANG_WARN_INFINITE_RECURSION = YES;
				CLANG_WARN_INT_CONVERSION = YES;
				CLANG_WARN_NON_LITERAL_NULL_CONVERSION = YES;
				CLANG_WARN_OBJC_IMPLICIT_RETAIN_SELF = YES;
				CLANG_WARN_OBJC_LITERAL_CONVERSION = YES;
				CLANG_WARN_OBJC_ROOT_CLASS = YES_ERROR;
				CLANG_WARN_QUOTED_INCLUDE_IN_FRAMEWORK_HEADER = YES;
				CLANG_WARN_RANGE_LOOP_ANALYSIS = YES;
				CLANG_WARN_STRICT_PROTOTYPES = YES;
				CLANG_WARN_SUSPICIOUS_MOVE = YES;
				CLANG_WARN_UNGUARDED_AVAILABILITY = YES_AGGRESSIVE;
				CLANG_WARN_UNREACHABLE_CODE = YES;
				CLANG_WARN__DUPLICATE_METHOD_MATCH = YES;
				COPY_PHASE_STRIP = NO;
				DEBUG_INFORMATION_FORMAT = "dwarf-with-dsym";
				ENABLE_NS_ASSERTIONS = NO;
				ENABLE_STRICT_OBJC_MSGSEND = YES;
				ENABLE_USER_SCRIPT_SANDBOXING = YES;
				GCC_C_LANGUAGE_STANDARD = gnu17;
				GCC_NO_COMMON_BLOCKS = YES;
				GCC_WARN_64_TO_32_BIT_CONVERSION = YES;
				GCC_WARN_ABOUT_RETURN_TYPE = YES_ERROR;
				GCC_WARN_UNDECLARED_SELECTOR = YES;
				GCC_WARN_UNINITIALIZED_AUTOS = YES_AGGRESSIVE;
				GCC_WARN_UNUSED_FUNCTION = YES;
				GCC_WARN_UNUSED_VARIABLE = YES;
				IPHONEOS_DEPLOYMENT_TARGET = 18.0;
				LOCALIZATION_PREFERS_STRING_CATALOGS = YES;
				MTL_ENABLE_DEBUG_INFO = NO;
				MTL_FAST_MATH = YES;
				SDKROOT = iphoneos;
				SWIFT_COMPILATION_MODE = wholemodule;
				VALIDATE_PRODUCT = YES;
			};
			name = Release;
		};
		66154AE22DC46FA70036244C /* Debug */ = {
			isa = XCBuildConfiguration;
			buildSettings = {
				ASSETCATALOG_COMPILER_APPICON_NAME = AppIcon;
				ASSETCATALOG_COMPILER_GLOBAL_ACCENT_COLOR_NAME = AccentColor;
				CODE_SIGN_STYLE = Automatic;
				CURRENT_PROJECT_VERSION = 1;
				DEVELOPMENT_ASSET_PATHS = "\"K-Visa/Preview Content\"";
				DEVELOPMENT_TEAM = 7WTLCKV6V4;
				ENABLE_PREVIEWS = YES;
				GENERATE_INFOPLIST_FILE = YES;
				INFOPLIST_FILE = "K-Visa/Info.plist";
				INFOPLIST_KEY_UIApplicationSceneManifest_Generation = YES;
				INFOPLIST_KEY_UIApplicationSupportsIndirectInputEvents = YES;
				INFOPLIST_KEY_UILaunchScreen_Generation = YES;
				INFOPLIST_KEY_UISupportedInterfaceOrientations_iPad = "UIInterfaceOrientationPortrait UIInterfaceOrientationPortraitUpsideDown UIInterfaceOrientationLandscapeLeft UIInterfaceOrientationLandscapeRight";
				INFOPLIST_KEY_UISupportedInterfaceOrientations_iPhone = "UIInterfaceOrientationPortrait UIInterfaceOrientationLandscapeLeft UIInterfaceOrientationLandscapeRight";
				LD_RUNPATH_SEARCH_PATHS = (
					"$(inherited)",
					"@executable_path/Frameworks",
				);
				MARKETING_VERSION = 1.0;
				OTHER_LDFLAGS = "-ObjC";
				PRODUCT_BUNDLE_IDENTIFIER = "co.K-Visa";
				PRODUCT_NAME = "$(TARGET_NAME)";
				SWIFT_EMIT_LOC_STRINGS = YES;
				SWIFT_VERSION = 5.0;
				TARGETED_DEVICE_FAMILY = "1,2";
			};
			name = Debug;
		};
		66154AE32DC46FA70036244C /* Release */ = {
			isa = XCBuildConfiguration;
			buildSettings = {
				ASSETCATALOG_COMPILER_APPICON_NAME = AppIcon;
				ASSETCATALOG_COMPILER_GLOBAL_ACCENT_COLOR_NAME = AccentColor;
				CODE_SIGN_STYLE = Automatic;
				CURRENT_PROJECT_VERSION = 1;
				DEVELOPMENT_ASSET_PATHS = "\"K-Visa/Preview Content\"";
				DEVELOPMENT_TEAM = 7WTLCKV6V4;
				ENABLE_PREVIEWS = YES;
				GENERATE_INFOPLIST_FILE = YES;
				INFOPLIST_FILE = "K-Visa/Info.plist";
				INFOPLIST_KEY_UIApplicationSceneManifest_Generation = YES;
				INFOPLIST_KEY_UIApplicationSupportsIndirectInputEvents = YES;
				INFOPLIST_KEY_UILaunchScreen_Generation = YES;
				INFOPLIST_KEY_UISupportedInterfaceOrientations_iPad = "UIInterfaceOrientationPortrait UIInterfaceOrientationPortraitUpsideDown UIInterfaceOrientationLandscapeLeft UIInterfaceOrientationLandscapeRight";
				INFOPLIST_KEY_UISupportedInterfaceOrientations_iPhone = "UIInterfaceOrientationPortrait UIInterfaceOrientationLandscapeLeft UIInterfaceOrientationLandscapeRight";
				LD_RUNPATH_SEARCH_PATHS = (
					"$(inherited)",
					"@executable_path/Frameworks",
				);
				MARKETING_VERSION = 1.0;
				OTHER_LDFLAGS = "-ObjC";
				PRODUCT_BUNDLE_IDENTIFIER = "co.K-Visa";
				PRODUCT_NAME = "$(TARGET_NAME)";
				SWIFT_EMIT_LOC_STRINGS = YES;
				SWIFT_VERSION = 5.0;
				TARGETED_DEVICE_FAMILY = "1,2";
			};
			name = Release;
		};
		66154AE52DC46FA70036244C /* Debug */ = {
			isa = XCBuildConfiguration;
			buildSettings = {
				BUNDLE_LOADER = "$(TEST_HOST)";
				CODE_SIGN_STYLE = Automatic;
				CURRENT_PROJECT_VERSION = 1;
				DEVELOPMENT_TEAM = 7WTLCKV6V4;
				GENERATE_INFOPLIST_FILE = YES;
				IPHONEOS_DEPLOYMENT_TARGET = 18.0;
				MARKETING_VERSION = 1.0;
				PRODUCT_BUNDLE_IDENTIFIER = "co.K-VisaTests";
				PRODUCT_NAME = "$(TARGET_NAME)";
				SWIFT_EMIT_LOC_STRINGS = NO;
				SWIFT_VERSION = 5.0;
				TARGETED_DEVICE_FAMILY = "1,2";
				TEST_HOST = "$(BUILT_PRODUCTS_DIR)/K-Visa.app/$(BUNDLE_EXECUTABLE_FOLDER_PATH)/K-Visa";
			};
			name = Debug;
		};
		66154AE62DC46FA70036244C /* Release */ = {
			isa = XCBuildConfiguration;
			buildSettings = {
				BUNDLE_LOADER = "$(TEST_HOST)";
				CODE_SIGN_STYLE = Automatic;
				CURRENT_PROJECT_VERSION = 1;
				DEVELOPMENT_TEAM = 7WTLCKV6V4;
				GENERATE_INFOPLIST_FILE = YES;
				IPHONEOS_DEPLOYMENT_TARGET = 18.0;
				MARKETING_VERSION = 1.0;
				PRODUCT_BUNDLE_IDENTIFIER = "co.K-VisaTests";
				PRODUCT_NAME = "$(TARGET_NAME)";
				SWIFT_EMIT_LOC_STRINGS = NO;
				SWIFT_VERSION = 5.0;
				TARGETED_DEVICE_FAMILY = "1,2";
				TEST_HOST = "$(BUILT_PRODUCTS_DIR)/K-Visa.app/$(BUNDLE_EXECUTABLE_FOLDER_PATH)/K-Visa";
			};
			name = Release;
		};
		66154AE82DC46FA70036244C /* Debug */ = {
			isa = XCBuildConfiguration;
			buildSettings = {
				CODE_SIGN_STYLE = Automatic;
				CURRENT_PROJECT_VERSION = 1;
				DEVELOPMENT_TEAM = 7WTLCKV6V4;
				GENERATE_INFOPLIST_FILE = YES;
				MARKETING_VERSION = 1.0;
				PRODUCT_BUNDLE_IDENTIFIER = "co.K-VisaUITests";
				PRODUCT_NAME = "$(TARGET_NAME)";
				SWIFT_EMIT_LOC_STRINGS = NO;
				SWIFT_VERSION = 5.0;
				TARGETED_DEVICE_FAMILY = "1,2";
				TEST_TARGET_NAME = "K-Visa";
			};
			name = Debug;
		};
		66154AE92DC46FA70036244C /* Release */ = {
			isa = XCBuildConfiguration;
			buildSettings = {
				CODE_SIGN_STYLE = Automatic;
				CURRENT_PROJECT_VERSION = 1;
				DEVELOPMENT_TEAM = 7WTLCKV6V4;
				GENERATE_INFOPLIST_FILE = YES;
				MARKETING_VERSION = 1.0;
				PRODUCT_BUNDLE_IDENTIFIER = "co.K-VisaUITests";
				PRODUCT_NAME = "$(TARGET_NAME)";
				SWIFT_EMIT_LOC_STRINGS = NO;
				SWIFT_VERSION = 5.0;
				TARGETED_DEVICE_FAMILY = "1,2";
				TEST_TARGET_NAME = "K-Visa";
			};
			name = Release;
		};
/* End XCBuildConfiguration section */

/* Begin XCConfigurationList section */
		66154AB82DC46FA50036244C /* Build configuration list for PBXProject "K-Visa" */ = {
			isa = XCConfigurationList;
			buildConfigurations = (
				66154ADF2DC46FA70036244C /* Debug */,
				66154AE02DC46FA70036244C /* Release */,
			);
			defaultConfigurationIsVisible = 0;
			defaultConfigurationName = Release;
		};
		66154AE12DC46FA70036244C /* Build configuration list for PBXNativeTarget "K-Visa" */ = {
			isa = XCConfigurationList;
			buildConfigurations = (
				66154AE22DC46FA70036244C /* Debug */,
				66154AE32DC46FA70036244C /* Release */,
			);
			defaultConfigurationIsVisible = 0;
			defaultConfigurationName = Release;
		};
		66154AE42DC46FA70036244C /* Build configuration list for PBXNativeTarget "K-VisaTests" */ = {
			isa = XCConfigurationList;
			buildConfigurations = (
				66154AE52DC46FA70036244C /* Debug */,
				66154AE62DC46FA70036244C /* Release */,
			);
			defaultConfigurationIsVisible = 0;
			defaultConfigurationName = Release;
		};
		66154AE72DC46FA70036244C /* Build configuration list for PBXNativeTarget "K-VisaUITests" */ = {
			isa = XCConfigurationList;
			buildConfigurations = (
				66154AE82DC46FA70036244C /* Debug */,
				66154AE92DC46FA70036244C /* Release */,
			);
			defaultConfigurationIsVisible = 0;
			defaultConfigurationName = Release;
		};
/* End XCConfigurationList section */

/* Begin XCRemoteSwiftPackageReference section */
		667EE0822DC9A58500DD981A /* XCRemoteSwiftPackageReference "firebase-ios-sdk" */ = {
			isa = XCRemoteSwiftPackageReference;
			repositoryURL = "https://github.com/firebase/firebase-ios-sdk.git";
			requirement = {
				kind = upToNextMajorVersion;
				minimumVersion = 11.12.0;
			};
		};
		667EE0832DC9A63E00DD981A /* XCRemoteSwiftPackageReference "GoogleSignIn-iOS" */ = {
			isa = XCRemoteSwiftPackageReference;
			repositoryURL = "https://github.com/google/GoogleSignIn-iOS";
			requirement = {
				kind = upToNextMajorVersion;
				minimumVersion = 8.0.0;
			};
		};
/* End XCRemoteSwiftPackageReference section */

/* Begin XCSwiftPackageProductDependency section */
		667EE0842DC9A63E00DD981A /* GoogleSignIn */ = {
			isa = XCSwiftPackageProductDependency;
			package = 667EE0832DC9A63E00DD981A /* XCRemoteSwiftPackageReference "GoogleSignIn-iOS" */;
			productName = GoogleSignIn;
		};
		667EE0862DC9A63E00DD981A /* GoogleSignInSwift */ = {
			isa = XCSwiftPackageProductDependency;
			package = 667EE0832DC9A63E00DD981A /* XCRemoteSwiftPackageReference "GoogleSignIn-iOS" */;
			productName = GoogleSignInSwift;
		};
		667EE0892DC9A6E900DD981A /* FirebaseAuth */ = {
			isa = XCSwiftPackageProductDependency;
			package = 667EE0822DC9A58500DD981A /* XCRemoteSwiftPackageReference "firebase-ios-sdk" */;
			productName = FirebaseAuth;
		};
		667EE08D2DC9A77500DD981A /* FirebaseAnalytics */ = {
			isa = XCSwiftPackageProductDependency;
			package = 667EE0822DC9A58500DD981A /* XCRemoteSwiftPackageReference "firebase-ios-sdk" */;
			productName = FirebaseAnalytics;
		};
/* End XCSwiftPackageProductDependency section */
	};
	rootObject = 66154AB52DC46FA50036244C /* Project object */;
}
